
Microsoft Visual Studio Solution File, Format Version 12.00
# Visual Studio 15
VisualStudioVersion = 15.0.28307.852
MinimumVisualStudioVersion = 10.0.40219.1
Project("{8BC9CEB8-8B4A-11D0-8D11-00A0C91BC942}") = "Project1", "Project1\Project1.vcxproj", "{71CB00B9-725C-4806-ADCF-4C41D97F6871}"
EndProject
Global
	GlobalSection(SolutionConfigurationPlatforms) = preSolution
		Debug|x64 = Debug|x64
		Debug|x86 = Debug|x86
		Release|x64 = Release|x64
		Release|x86 = Release|x86
	EndGlobalSection
	GlobalSection(ProjectConfigurationPlatforms) = postSolution
		{71CB00B9-725C-4806-ADCF-4C41D97F6871}.Debug|x64.ActiveCfg = Debug|x64
		{71CB00B9-725C-4806-ADCF-4C41D97F6871}.Debug|x64.Build.0 = Debug|x64
		{71CB00B9-725C-4806-ADCF-4C41D97F6871}.Debug|x86.ActiveCfg = Debug|Win32
		{71CB00B9-725C-4806-ADCF-4C41D97F6871}.Debug|x86.Build.0 = Debug|Win32
		{71CB00B9-725C-4806-ADCF-4C41D97F6871}.Release|x64.ActiveCfg = Release|x64
		{71CB00B9-725C-4806-ADCF-4C41D97F6871}.Release|x64.Build.0 = Release|x64
		{71CB00B9-725C-4806-ADCF-4C41D97F6871}.Release|x86.ActiveCfg = Release|Win32
		{71CB00B9-725C-4806-ADCF-4C41D97F6871}.Release|x86.Build.0 = Release|Win32
	EndGlobalSection
	GlobalSection(SolutionProperties) = preSolution
		HideSolutionNode = FALSE
	EndGlobalSection
	GlobalSection(ExtensibilityGlobals) = postSolution
		SolutionGuid = {148755E2-CC6F-4E14-911F-F8013FB48F95}
	EndGlobalSection
EndGlobal
